
Microsoft Visual Studio Solution File, Format Version 12.00
# Visual Studio 14
VisualStudioVersion = 14.0.25420.1
MinimumVisualStudioVersion = 10.0.40219.1
Project("{2150E333-8FDC-42A3-9474-1A3956D46DE8}") = "src", "src", "{6E678F7D-78D4-4FB6-8E70-77E7986FDB6B}"
EndProject
Project("{2150E333-8FDC-42A3-9474-1A3956D46DE8}") = "Solution Items", "Solution Items", "{2E1E192C-294B-460B-A72D-5E89B698F545}"
	ProjectSection(SolutionItems) = preProject
		global.json = global.json
	EndProjectSection
EndProject
Project("{8BB2217D-0F2D-49D1-97BC-3654ED321F3B}") = "PhantomNet.Searching", "src\PhantomNet.Searching\PhantomNet.Searching.xproj", "{5F8CB2BB-59DC-4A01-9003-741E831EA7DF}"
EndProject
Project("{2150E333-8FDC-42A3-9474-1A3956D46DE8}") = "extensions", "extensions", "{1A96CE06-BF16-4B86-9DAA-FC79EE3E5BFE}"
EndProject
Project("{8BB2217D-0F2D-49D1-97BC-3654ED321F3B}") = "PhantomNet.Searching.Elastic", "src\extensions\PhantomNet.Searching.Elastic\PhantomNet.Searching.Elastic.xproj", "{34B6841E-B830-4B48-8228-DABD289F4272}"
EndProject
Project("{8BB2217D-0F2D-49D1-97BC-3654ED321F3B}") = "PhantomNet.Core", "..\PhantomNet-Core\src\PhantomNet.Core\PhantomNet.Core.xproj", "{4CF2E321-D135-486C-9AEF-47DB5A5F9C83}"
EndProject
Project("{8BB2217D-0F2D-49D1-97BC-3654ED321F3B}") = "PhantomNet.Entities", "..\PhantomNet-Entities\src\PhantomNet.Entities\PhantomNet.Entities.xproj", "{A130E586-507C-4482-91F3-8CD09205B241}"
EndProject
Project("{8BB2217D-0F2D-49D1-97BC-3654ED321F3B}") = "PhantomNet.Entities.EntityMarkers", "..\PhantomNet-Entities\src\PhantomNet.Entities.EntityMarkers\PhantomNet.Entities.EntityMarkers.xproj", "{6BC0163A-C077-4166-A92A-480F15D99F4B}"
EndProject
Project("{2150E333-8FDC-42A3-9474-1A3956D46DE8}") = "dependencies", "dependencies", "{A0434712-18EB-4E58-B655-2FF62662AC5B}"
EndProject
Project("{8BB2217D-0F2D-49D1-97BC-3654ED321F3B}") = "PhantomNet.Searching.Entities", "src\extensions\PhantomNet.Searching.Entities\PhantomNet.Searching.Entities.xproj", "{6ED3C951-BED4-452A-A9CD-6860BB4BEA91}"
EndProject
Project("{2150E333-8FDC-42A3-9474-1A3956D46DE8}") = "PhantomNet-Core", "PhantomNet-Core", "{2A9306E3-0F0B-4B47-953A-A85B5EE37AF3}"
EndProject
Project("{2150E333-8FDC-42A3-9474-1A3956D46DE8}") = "src", "src", "{6260E4C1-01CD-4285-8943-DF24B0CDBDBA}"
EndProject
Project("{2150E333-8FDC-42A3-9474-1A3956D46DE8}") = "PhantomNet-Entities", "PhantomNet-Entities", "{4CC2279A-349E-49D4-AFAE-92ACF5D2AF65}"
EndProject
Project("{2150E333-8FDC-42A3-9474-1A3956D46DE8}") = "src", "src", "{2A574ED9-4C91-41B8-9480-B66D940953DC}"
EndProject
Global
	GlobalSection(SolutionConfigurationPlatforms) = preSolution
		Debug|Any CPU = Debug|Any CPU
		Release|Any CPU = Release|Any CPU
	EndGlobalSection
	GlobalSection(ProjectConfigurationPlatforms) = postSolution
		{5F8CB2BB-59DC-4A01-9003-741E831EA7DF}.Debug|Any CPU.ActiveCfg = Debug|Any CPU
		{5F8CB2BB-59DC-4A01-9003-741E831EA7DF}.Debug|Any CPU.Build.0 = Debug|Any CPU
		{5F8CB2BB-59DC-4A01-9003-741E831EA7DF}.Release|Any CPU.ActiveCfg = Release|Any CPU
		{5F8CB2BB-59DC-4A01-9003-741E831EA7DF}.Release|Any CPU.Build.0 = Release|Any CPU
		{34B6841E-B830-4B48-8228-DABD289F4272}.Debug|Any CPU.ActiveCfg = Debug|Any CPU
		{34B6841E-B830-4B48-8228-DABD289F4272}.Debug|Any CPU.Build.0 = Debug|Any CPU
		{34B6841E-B830-4B48-8228-DABD289F4272}.Release|Any CPU.ActiveCfg = Release|Any CPU
		{34B6841E-B830-4B48-8228-DABD289F4272}.Release|Any CPU.Build.0 = Release|Any CPU
		{4CF2E321-D135-486C-9AEF-47DB5A5F9C83}.Debug|Any CPU.ActiveCfg = Debug|Any CPU
		{4CF2E321-D135-486C-9AEF-47DB5A5F9C83}.Debug|Any CPU.Build.0 = Debug|Any CPU
		{4CF2E321-D135-486C-9AEF-47DB5A5F9C83}.Release|Any CPU.ActiveCfg = Release|Any CPU
		{4CF2E321-D135-486C-9AEF-47DB5A5F9C83}.Release|Any CPU.Build.0 = Release|Any CPU
		{A130E586-507C-4482-91F3-8CD09205B241}.Debug|Any CPU.ActiveCfg = Debug|Any CPU
		{A130E586-507C-4482-91F3-8CD09205B241}.Debug|Any CPU.Build.0 = Debug|Any CPU
		{A130E586-507C-4482-91F3-8CD09205B241}.Release|Any CPU.ActiveCfg = Release|Any CPU
		{A130E586-507C-4482-91F3-8CD09205B241}.Release|Any CPU.Build.0 = Release|Any CPU
		{6BC0163A-C077-4166-A92A-480F15D99F4B}.Debug|Any CPU.ActiveCfg = Debug|Any CPU
		{6BC0163A-C077-4166-A92A-480F15D99F4B}.Debug|Any CPU.Build.0 = Debug|Any CPU
		{6BC0163A-C077-4166-A92A-480F15D99F4B}.Release|Any CPU.ActiveCfg = Release|Any CPU
		{6BC0163A-C077-4166-A92A-480F15D99F4B}.Release|Any CPU.Build.0 = Release|Any CPU
		{6ED3C951-BED4-452A-A9CD-6860BB4BEA91}.Debug|Any CPU.ActiveCfg = Debug|Any CPU
		{6ED3C951-BED4-452A-A9CD-6860BB4BEA91}.Debug|Any CPU.Build.0 = Debug|Any CPU
		{6ED3C951-BED4-452A-A9CD-6860BB4BEA91}.Release|Any CPU.ActiveCfg = Release|Any CPU
		{6ED3C951-BED4-452A-A9CD-6860BB4BEA91}.Release|Any CPU.Build.0 = Release|Any CPU
	EndGlobalSection
	GlobalSection(SolutionProperties) = preSolution
		HideSolutionNode = FALSE
	EndGlobalSection
	GlobalSection(NestedProjects) = preSolution
		{5F8CB2BB-59DC-4A01-9003-741E831EA7DF} = {6E678F7D-78D4-4FB6-8E70-77E7986FDB6B}
		{1A96CE06-BF16-4B86-9DAA-FC79EE3E5BFE} = {6E678F7D-78D4-4FB6-8E70-77E7986FDB6B}
		{34B6841E-B830-4B48-8228-DABD289F4272} = {1A96CE06-BF16-4B86-9DAA-FC79EE3E5BFE}
		{4CF2E321-D135-486C-9AEF-47DB5A5F9C83} = {6260E4C1-01CD-4285-8943-DF24B0CDBDBA}
		{A130E586-507C-4482-91F3-8CD09205B241} = {2A574ED9-4C91-41B8-9480-B66D940953DC}
		{6BC0163A-C077-4166-A92A-480F15D99F4B} = {2A574ED9-4C91-41B8-9480-B66D940953DC}
		{6ED3C951-BED4-452A-A9CD-6860BB4BEA91} = {1A96CE06-BF16-4B86-9DAA-FC79EE3E5BFE}
		{2A9306E3-0F0B-4B47-953A-A85B5EE37AF3} = {A0434712-18EB-4E58-B655-2FF62662AC5B}
		{6260E4C1-01CD-4285-8943-DF24B0CDBDBA} = {2A9306E3-0F0B-4B47-953A-A85B5EE37AF3}
		{4CC2279A-349E-49D4-AFAE-92ACF5D2AF65} = {A0434712-18EB-4E58-B655-2FF62662AC5B}
		{2A574ED9-4C91-41B8-9480-B66D940953DC} = {4CC2279A-349E-49D4-AFAE-92ACF5D2AF65}
	EndGlobalSection
EndGlobal
